
Microsoft Visual Studio Solution File, Format Version 12.00
# Visual Studio Version 17
VisualStudioVersion = 17.3.32811.315
MinimumVisualStudioVersion = 10.0.40219.1
Project("{9A19103F-16F7-4668-BE54-9A1E7A4F7556}") = "GamesGlobalAssessment", "GamesGlobalAssessment.csproj", "{C276E2F0-7967-4CED-8658-E3A1D90C6268}"
EndProject
Global
	GlobalSection(SolutionConfigurationPlatforms) = preSolution
		Debug|Any CPU = Debug|Any CPU
		Release|Any CPU = Release|Any CPU
	EndGlobalSection
	GlobalSection(ProjectConfigurationPlatforms) = postSolution
		{C276E2F0-7967-4CED-8658-E3A1D90C6268}.Debug|Any CPU.ActiveCfg = Debug|Any CPU
		{C276E2F0-7967-4CED-8658-E3A1D90C6268}.Debug|Any CPU.Build.0 = Debug|Any CPU
		{C276E2F0-7967-4CED-8658-E3A1D90C6268}.Release|Any CPU.ActiveCfg = Release|Any CPU
		{C276E2F0-7967-4CED-8658-E3A1D90C6268}.Release|Any CPU.Build.0 = Release|Any CPU
	EndGlobalSection
	GlobalSection(SolutionProperties) = preSolution
		HideSolutionNode = FALSE
	EndGlobalSection
	GlobalSection(ExtensibilityGlobals) = postSolution
		SolutionGuid = {3E527EE1-751C-4458-9AB8-0171386FA237}
	EndGlobalSection
EndGlobal
